
Microsoft Visual Studio Solution File, Format Version 12.00
Project("{FAE04EC0-301F-11D3-BF4B-00C04F79EFBC}") = "MicroSocialPlatform", "MicroSocialPlatform\MicroSocialPlatform.csproj", "{A5501DDE-1582-430F-A3AD-76A032ECBD20}"
EndProject
Global
	GlobalSection(SolutionConfigurationPlatforms) = preSolution
		Debug|Any CPU = Debug|Any CPU
		Release|Any CPU = Release|Any CPU
	EndGlobalSection
	GlobalSection(ProjectConfigurationPlatforms) = postSolution
		{A5501DDE-1582-430F-A3AD-76A032ECBD20}.Debug|Any CPU.ActiveCfg = Debug|Any CPU
		{A5501DDE-1582-430F-A3AD-76A032ECBD20}.Debug|Any CPU.Build.0 = Debug|Any CPU
		{A5501DDE-1582-430F-A3AD-76A032ECBD20}.Release|Any CPU.ActiveCfg = Release|Any CPU
		{A5501DDE-1582-430F-A3AD-76A032ECBD20}.Release|Any CPU.Build.0 = Release|Any CPU
	EndGlobalSection
EndGlobal
